
Microsoft Visual Studio Solution File, Format Version 12.00
# Visual Studio Version 17
VisualStudioVersion = 17.5.33627.172
MinimumVisualStudioVersion = 10.0.40219.1
Project("{FAE04EC0-301F-11D3-BF4B-00C04F79EFBC}") = "CRUD Entity .NET 6.0", "CRUD Entity .NET 6.0.csproj", "{DC9A2438-74CF-4931-9BD0-C1A3C0B11524}"
EndProject
Global
	GlobalSection(SolutionConfigurationPlatforms) = preSolution
		Debug|Any CPU = Debug|Any CPU
		Release|Any CPU = Release|Any CPU
	EndGlobalSection
	GlobalSection(ProjectConfigurationPlatforms) = postSolution
		{DC9A2438-74CF-4931-9BD0-C1A3C0B11524}.Debug|Any CPU.ActiveCfg = Debug|Any CPU
		{DC9A2438-74CF-4931-9BD0-C1A3C0B11524}.Debug|Any CPU.Build.0 = Debug|Any CPU
		{DC9A2438-74CF-4931-9BD0-C1A3C0B11524}.Release|Any CPU.ActiveCfg = Release|Any CPU
		{DC9A2438-74CF-4931-9BD0-C1A3C0B11524}.Release|Any CPU.Build.0 = Release|Any CPU
	EndGlobalSection
	GlobalSection(SolutionProperties) = preSolution
		HideSolutionNode = FALSE
	EndGlobalSection
	GlobalSection(ExtensibilityGlobals) = postSolution
		SolutionGuid = {7F183721-EA48-4EB5-84D9-F590188B3559}
	EndGlobalSection
EndGlobal
